
Microsoft Visual Studio Solution File, Format Version 12.00
# Visual Studio Version 16
VisualStudioVersion = 16.0.29613.14
MinimumVisualStudioVersion = 10.0.40219.1
Project("{FAE04EC0-301F-11D3-BF4B-00C04F79EFBC}") = "DFA2", "DFA2\DFA2.csproj", "{DF6D1AB8-85A2-4A57-AB89-8651B7E39FE6}"
EndProject
Global
	GlobalSection(SolutionConfigurationPlatforms) = preSolution
		Debug|Any CPU = Debug|Any CPU
		Release|Any CPU = Release|Any CPU
	EndGlobalSection
	GlobalSection(ProjectConfigurationPlatforms) = postSolution
		{DF6D1AB8-85A2-4A57-AB89-8651B7E39FE6}.Debug|Any CPU.ActiveCfg = Debug|Any CPU
		{DF6D1AB8-85A2-4A57-AB89-8651B7E39FE6}.Debug|Any CPU.Build.0 = Debug|Any CPU
		{DF6D1AB8-85A2-4A57-AB89-8651B7E39FE6}.Release|Any CPU.ActiveCfg = Release|Any CPU
		{DF6D1AB8-85A2-4A57-AB89-8651B7E39FE6}.Release|Any CPU.Build.0 = Release|Any CPU
	EndGlobalSection
	GlobalSection(SolutionProperties) = preSolution
		HideSolutionNode = FALSE
	EndGlobalSection
	GlobalSection(ExtensibilityGlobals) = postSolution
		SolutionGuid = {99F93570-1D75-4A40-B8A8-97D6EB1754BD}
	EndGlobalSection
EndGlobal
